{
  "nodes": {
    "nixpkgs": {
      "locked": {
        "lastModified": 1658772958,
        "narHash": "sha256-1KiRFLezFQ0UyxFGIdVbVMLXXDul/Pe3PWqClEIIFng=",
        "owner": "nixos",
        "repo": "nixpkgs",
        "rev": "eb5ea1500b4e8a1e9ca6d62b69d6835f80efe3b7",
        "type": "github"
      },
      "original": {
        "owner": "nixos",
        "repo": "nixpkgs",
        "type": "github"
      }
    },
    "root": {
      "inputs": {
        "nixpkgs": "nixpkgs"
      }
    }
  },
  "root": "root",
  "version": 7
}
